
Microsoft Visual Studio Solution File, Format Version 12.00
# Visual Studio Version 16
VisualStudioVersion = 16.0.28803.452
MinimumVisualStudioVersion = 10.0.40219.1
Project("{888888A0-9F3D-457C-B088-3A5042F75D52}") = "dto", "dto\dto.pyproj", "{C970EEFD-0359-4BEE-86B0-9164A109C676}"
EndProject
Global
	GlobalSection(SolutionConfigurationPlatforms) = preSolution
		Debug|Any CPU = Debug|Any CPU
		Release|Any CPU = Release|Any CPU
	EndGlobalSection
	GlobalSection(ProjectConfigurationPlatforms) = postSolution
		{C970EEFD-0359-4BEE-86B0-9164A109C676}.Debug|Any CPU.ActiveCfg = Debug|Any CPU
		{C970EEFD-0359-4BEE-86B0-9164A109C676}.Debug|Any CPU.Build.0 = Debug|Any CPU
		{C970EEFD-0359-4BEE-86B0-9164A109C676}.Release|Any CPU.ActiveCfg = Release|Any CPU
		{C970EEFD-0359-4BEE-86B0-9164A109C676}.Release|Any CPU.Build.0 = Release|Any CPU
	EndGlobalSection
	GlobalSection(SolutionProperties) = preSolution
		HideSolutionNode = FALSE
	EndGlobalSection
	GlobalSection(ExtensibilityGlobals) = postSolution
		SolutionGuid = {93C4742C-E8B4-4A60-83D0-61BAA6488A52}
	EndGlobalSection
EndGlobal
